{
  "name": "sacn-unicast-converter",
  "version": "1.0.0",
  "lockfileVersion": 3,
  "requires": true,
  "packages": {
    "": {
      "name": "sacn-unicast-converter",
      "version": "1.0.0",
      "license": "ISC",
      "dependencies": {
        "e131": "^1.1.3",
        "sacn": "^4.4.0"
      }
    },
    "node_modules/e131": {
      "version": "1.1.3",
      "resolved": "https://registry.npmjs.org/e131/-/e131-1.1.3.tgz",
      "integrity": "sha512-qku740afUkGubZlHMrLoljbcMn4wGBFGq8jL9z/j1Gx+aTWytit7Rb5u7HtzJ/84fw0mAcv0YPCDB4FIG/bdjw=="
    },
    "node_modules/sacn": {
      "version": "4.4.0",
      "resolved": "https://registry.npmjs.org/sacn/-/sacn-4.4.0.tgz",
      "integrity": "sha512-1AUk0IalR/aYU3p3qaAdNcsIr/TAYHFdWHv57gpVsfoXOV8slnFZQfvlzyx9WzsK0oqyrQnsMHn47291iYlggg==",
      "engines": {
        "node": ">=10.0.0"
      }
    }
  }
}
